
Microsoft Visual Studio Solution File, Format Version 12.00
# Visual Studio 2012
Project("{FAE04EC0-301F-11D3-BF4B-00C04F79EFBC}") = "ConsoleApplication31", "ConsoleApplication31\ConsoleApplication31.csproj", "{375ED395-A26F-4B86-96E0-7D8F21464F16}"
EndProject
Global
	GlobalSection(SolutionConfigurationPlatforms) = preSolution
		Debug|Any CPU = Debug|Any CPU
		Release|Any CPU = Release|Any CPU
	EndGlobalSection
	GlobalSection(ProjectConfigurationPlatforms) = postSolution
		{375ED395-A26F-4B86-96E0-7D8F21464F16}.Debug|Any CPU.ActiveCfg = Debug|Any CPU
		{375ED395-A26F-4B86-96E0-7D8F21464F16}.Debug|Any CPU.Build.0 = Debug|Any CPU
		{375ED395-A26F-4B86-96E0-7D8F21464F16}.Release|Any CPU.ActiveCfg = Release|Any CPU
		{375ED395-A26F-4B86-96E0-7D8F21464F16}.Release|Any CPU.Build.0 = Release|Any CPU
	EndGlobalSection
	GlobalSection(SolutionProperties) = preSolution
		HideSolutionNode = FALSE
	EndGlobalSection
EndGlobal
